
Microsoft Visual Studio Solution File, Format Version 12.00
# Visual Studio Version 16
VisualStudioVersion = 16.0.32413.511
MinimumVisualStudioVersion = 10.0.40219.1
Project("{FAE04EC0-301F-11D3-BF4B-00C04F79EFBC}") = "QBS-training", "QBS-training\QBS-training.csproj", "{9FF56063-4D7B-44BC-978F-4DE34E64D269}"
EndProject
Global
	GlobalSection(SolutionConfigurationPlatforms) = preSolution
		Debug|Any CPU = Debug|Any CPU
		Release|Any CPU = Release|Any CPU
	EndGlobalSection
	GlobalSection(ProjectConfigurationPlatforms) = postSolution
		{9FF56063-4D7B-44BC-978F-4DE34E64D269}.Debug|Any CPU.ActiveCfg = Debug|Any CPU
		{9FF56063-4D7B-44BC-978F-4DE34E64D269}.Debug|Any CPU.Build.0 = Debug|Any CPU
		{9FF56063-4D7B-44BC-978F-4DE34E64D269}.Release|Any CPU.ActiveCfg = Release|Any CPU
		{9FF56063-4D7B-44BC-978F-4DE34E64D269}.Release|Any CPU.Build.0 = Release|Any CPU
	EndGlobalSection
	GlobalSection(SolutionProperties) = preSolution
		HideSolutionNode = FALSE
	EndGlobalSection
	GlobalSection(ExtensibilityGlobals) = postSolution
		SolutionGuid = {B7613041-83D9-4A18-B162-20350697BC86}
	EndGlobalSection
EndGlobal
